// !$*UTF8*$!
{
	archiveVersion = 1;
	classes = {
	};
	objectVersion = 51;
	objects = {

/* Begin PBXBuildFile section */
		68DE05F7CF44854CEA1CEE2B /* Pods_LOGIN_App.framework in Frameworks */ = {isa = PBXBuildFile; fileRef = 525B37E4B8F4D2A2CC155A6C /* Pods_LOGIN_App.framework */; };
		9E09E1C5278872FD00462F6E /* MapViewController.swift in Sources */ = {isa = PBXBuildFile; fileRef = 9E09E1C4278872FD00462F6E /* MapViewController.swift */; };
		9E12A34B27818E690029AA93 /* EntdeckeUI.swift in Sources */ = {isa = PBXBuildFile; fileRef = 9E12A34A27818E690029AA93 /* EntdeckeUI.swift */; };
		9E14721327BF9A0D0047ACBF /* OrderViewController2.swift in Sources */ = {isa = PBXBuildFile; fileRef = 9E14721227BF9A0D0047ACBF /* OrderViewController2.swift */; };
		9E2D1B542778BDC700E1EAC2 /* article.swift in Sources */ = {isa = PBXBuildFile; fileRef = 9E2D1B532778BDC700E1EAC2 /* article.swift */; };
		9E32874F278188E200F6811B /* EntdeckeUI.xib in Resources */ = {isa = PBXBuildFile; fileRef = 9E32874E278188E200F6811B /* EntdeckeUI.xib */; };
		9E377C4B2734242B00F806B2 /* AppDelegate.swift in Sources */ = {isa = PBXBuildFile; fileRef = 9E377C4A2734242B00F806B2 /* AppDelegate.swift */; };
		9E377C4D2734242B00F806B2 /* SceneDelegate.swift in Sources */ = {isa = PBXBuildFile; fileRef = 9E377C4C2734242B00F806B2 /* SceneDelegate.swift */; };
		9E377C4F2734242B00F806B2 /* ViewController.swift in Sources */ = {isa = PBXBuildFile; fileRef = 9E377C4E2734242B00F806B2 /* ViewController.swift */; };
		9E377C542734243500F806B2 /* Assets.xcassets in Resources */ = {isa = PBXBuildFile; fileRef = 9E377C532734243500F806B2 /* Assets.xcassets */; };
		9E377C572734243500F806B2 /* LaunchScreen.storyboard in Resources */ = {isa = PBXBuildFile; fileRef = 9E377C552734243500F806B2 /* LaunchScreen.storyboard */; };
		9E377C7E2734470700F806B2 /* LoginViewController.swift in Sources */ = {isa = PBXBuildFile; fileRef = 9E377C7D2734470700F806B2 /* LoginViewController.swift */; };
		9E377C832734474F00F806B2 /* SignUpViewController.swift in Sources */ = {isa = PBXBuildFile; fileRef = 9E377C822734474F00F806B2 /* SignUpViewController.swift */; };
		9E377C9427344B9F00F806B2 /* HomeViewController.swift in Sources */ = {isa = PBXBuildFile; fileRef = 9E377C9327344B9F00F806B2 /* HomeViewController.swift */; };
		9E61729A278C41FB0010F6C0 /* Main.storyboard in Resources */ = {isa = PBXBuildFile; fileRef = 9E617299278C41FB0010F6C0 /* Main.storyboard */; };
		9E63BEDC27AD17380056D1BB /* PayMethod.xib in Resources */ = {isa = PBXBuildFile; fileRef = 9E63BEDB27AD17380056D1BB /* PayMethod.xib */; };
		9E63BEDF27AD199C0056D1BB /* PayMethod.swift in Sources */ = {isa = PBXBuildFile; fileRef = 9E63BEDE27AD199C0056D1BB /* PayMethod.swift */; };
		9E852002278886C0000BA29F /* Artwork.swift in Sources */ = {isa = PBXBuildFile; fileRef = 9E852001278886C0000BA29F /* Artwork.swift */; };
		9E8ED791278C63F800DACC00 /* TableViewCell2.swift in Sources */ = {isa = PBXBuildFile; fileRef = 9E8ED790278C63F800DACC00 /* TableViewCell2.swift */; };
		9E9391FA2779FA0E00EE3C9E /* TableViewCell.swift in Sources */ = {isa = PBXBuildFile; fileRef = 9E9391F42779FA0800EE3C9E /* TableViewCell.swift */; };
		9E9391FB2779FA0E00EE3C9E /* TableViewController.swift in Sources */ = {isa = PBXBuildFile; fileRef = 9E9391F52779FA0A00EE3C9E /* TableViewController.swift */; };
		9E9391FC2779FA0E00EE3C9E /* TableViewDetail.swift in Sources */ = {isa = PBXBuildFile; fileRef = 9E9391F62779FA0B00EE3C9E /* TableViewDetail.swift */; };
		9E9391FD2779FA0E00EE3C9E /* Shape.swift in Sources */ = {isa = PBXBuildFile; fileRef = 9E9391F72779FA0E00EE3C9E /* Shape.swift */; };
		9E939245277A0B8300EE3C9E /* artikel.swift in Sources */ = {isa = PBXBuildFile; fileRef = 9E939244277A0B8300EE3C9E /* artikel.swift */; };
		9E9C5D4D278C1B8D00C10C87 /* OpenOrdersViewController.swift in Sources */ = {isa = PBXBuildFile; fileRef = 9E9C5D4C278C1B8D00C10C87 /* OpenOrdersViewController.swift */; };
		9E9FF69F2777397A00BD3751 /* DayView.swift in Sources */ = {isa = PBXBuildFile; fileRef = 9E9FF69E2777397A00BD3751 /* DayView.swift */; };
		9E9FF6AC27773A9D00BD3751 /* DayView.xib in Resources */ = {isa = PBXBuildFile; fileRef = 9E9FF6AB27773A9D00BD3751 /* DayView.xib */; };
		9EA025AA2779A40C00ACC918 /* SearchViewController.swift in Sources */ = {isa = PBXBuildFile; fileRef = 9EA025A92779A40C00ACC918 /* SearchViewController.swift */; };
		9EAB677027AEA220001A5427 /* OrderViewController.swift in Sources */ = {isa = PBXBuildFile; fileRef = 9EAB676F27AEA220001A5427 /* OrderViewController.swift */; };
		9EAB677327AEA88E001A5427 /* TableViewDetailPayedOrder.swift in Sources */ = {isa = PBXBuildFile; fileRef = 9EAB677227AEA88E001A5427 /* TableViewDetailPayedOrder.swift */; };
		9EB2315327BF927900412FB3 /* TableViewCell3.swift in Sources */ = {isa = PBXBuildFile; fileRef = 9EB2315227BF927900412FB3 /* TableViewCell3.swift */; };
		9EC6AACC27AC14020024B9F8 /* ClosedOrdersViewController.swift in Sources */ = {isa = PBXBuildFile; fileRef = 9EC6AACB27AC14020024B9F8 /* ClosedOrdersViewController.swift */; };
		9EC6AAE827AC2EDC0024B9F8 /* PayController.swift in Sources */ = {isa = PBXBuildFile; fileRef = 9EC6AAE727AC2EDC0024B9F8 /* PayController.swift */; };
		9ECF37CD278EFC5B00A9B8AF /* TableViewDetailOrder.swift in Sources */ = {isa = PBXBuildFile; fileRef = 9ECF37CC278EFC5B00A9B8AF /* TableViewDetailOrder.swift */; };
		9ECF39A3273FF383003F1C8C /* Constants.swift in Sources */ = {isa = PBXBuildFile; fileRef = 9ECF39A2273FF383003F1C8C /* Constants.swift */; };
		9ED6C2B727AD0CE4004C4014 /* TableViewDetailPay.swift in Sources */ = {isa = PBXBuildFile; fileRef = 9ED6C2B627AD0CE4004C4014 /* TableViewDetailPay.swift */; };
		9EE90263273FC51F00736777 /* GoogleService-Info.plist in Resources */ = {isa = PBXBuildFile; fileRef = 9EE90262273FC51F00736777 /* GoogleService-Info.plist */; };
		9EF2720E273FBADF000417AF /* Utilities.swift in Sources */ = {isa = PBXBuildFile; fileRef = 9EF2720D273FBADF000417AF /* Utilities.swift */; };
/* End PBXBuildFile section */

/* Begin PBXFileReference section */
		01706EBE524E4526231D8177 /* Pods-LOGIN_App-LOGIN_AppUITests.debug.xcconfig */ = {isa = PBXFileReference; includeInIndex = 1; lastKnownFileType = text.xcconfig; name = "Pods-LOGIN_App-LOGIN_AppUITests.debug.xcconfig"; path = "Target Support Files/Pods-LOGIN_App-LOGIN_AppUITests/Pods-LOGIN_App-LOGIN_AppUITests.debug.xcconfig"; sourceTree = "<group>"; };
		25D969B0DF7700DB92C89097 /* Pods-Login_App.debug.xcconfig */ = {isa = PBXFileReference; includeInIndex = 1; lastKnownFileType = text.xcconfig; name = "Pods-Login_App.debug.xcconfig"; path = "Target Support Files/Pods-Login_App/Pods-Login_App.debug.xcconfig"; sourceTree = "<group>"; };
		2FB1E7DD6A2842F8D6B9610B /* Pods_LOGIN_AppTests.framework */ = {isa = PBXFileReference; explicitFileType = wrapper.framework; includeInIndex = 0; path = Pods_LOGIN_AppTests.framework; sourceTree = BUILT_PRODUCTS_DIR; };
		4455CCEC294BC565EAEF8B74 /* Pods_LOGIN_App_LOGIN_AppUITests.framework */ = {isa = PBXFileReference; explicitFileType = wrapper.framework; includeInIndex = 0; path = Pods_LOGIN_App_LOGIN_AppUITests.framework; sourceTree = BUILT_PRODUCTS_DIR; };
		525B37E4B8F4D2A2CC155A6C /* Pods_LOGIN_App.framework */ = {isa = PBXFileReference; explicitFileType = wrapper.framework; includeInIndex = 0; path = Pods_LOGIN_App.framework; sourceTree = BUILT_PRODUCTS_DIR; };
		9C9D28918FF5F7F280D20425 /* Pods-Login_App-Login_AppUITests.release.xcconfig */ = {isa = PBXFileReference; includeInIndex = 1; lastKnownFileType = text.xcconfig; name = "Pods-Login_App-Login_AppUITests.release.xcconfig"; path = "Target Support Files/Pods-Login_App-Login_AppUITests/Pods-Login_App-Login_AppUITests.release.xcconfig"; sourceTree = "<group>"; };
		9E09E1C4278872FD00462F6E /* MapViewController.swift */ = {isa = PBXFileReference; lastKnownFileType = sourcecode.swift; path = MapViewController.swift; sourceTree = "<group>"; };
		9E12A34A27818E690029AA93 /* EntdeckeUI.swift */ = {isa = PBXFileReference; lastKnownFileType = sourcecode.swift; path = EntdeckeUI.swift; sourceTree = "<group>"; };
		9E14721227BF9A0D0047ACBF /* OrderViewController2.swift */ = {isa = PBXFileReference; lastKnownFileType = sourcecode.swift; path = OrderViewController2.swift; sourceTree = "<group>"; };
		9E2D1B532778BDC700E1EAC2 /* article.swift */ = {isa = PBXFileReference; lastKnownFileType = sourcecode.swift; path = article.swift; sourceTree = "<group>"; };
		9E32874E278188E200F6811B /* EntdeckeUI.xib */ = {isa = PBXFileReference; lastKnownFileType = file.xib; path = EntdeckeUI.xib; sourceTree = "<group>"; };
		9E377C472734242B00F806B2 /* LOGIN_App.app */ = {isa = PBXFileReference; explicitFileType = wrapper.application; includeInIndex = 0; path = LOGIN_App.app; sourceTree = BUILT_PRODUCTS_DIR; };
		9E377C4A2734242B00F806B2 /* AppDelegate.swift */ = {isa = PBXFileReference; lastKnownFileType = sourcecode.swift; path = AppDelegate.swift; sourceTree = "<group>"; };
		9E377C4C2734242B00F806B2 /* SceneDelegate.swift */ = {isa = PBXFileReference; lastKnownFileType = sourcecode.swift; path = SceneDelegate.swift; sourceTree = "<group>"; };
		9E377C4E2734242B00F806B2 /* ViewController.swift */ = {isa = PBXFileReference; lastKnownFileType = sourcecode.swift; path = ViewController.swift; sourceTree = "<group>"; };
		9E377C532734243500F806B2 /* Assets.xcassets */ = {isa = PBXFileReference; lastKnownFileType = folder.assetcatalog; path = Assets.xcassets; sourceTree = "<group>"; };
		9E377C562734243500F806B2 /* Base */ = {isa = PBXFileReference; lastKnownFileType = file.storyboard; name = Base; path = Base.lproj/LaunchScreen.storyboard; sourceTree = "<group>"; };
		9E377C582734243500F806B2 /* Info.plist */ = {isa = PBXFileReference; lastKnownFileType = text.plist.xml; path = Info.plist; sourceTree = "<group>"; };
		9E377C7D2734470700F806B2 /* LoginViewController.swift */ = {isa = PBXFileReference; lastKnownFileType = sourcecode.swift; path = LoginViewController.swift; sourceTree = "<group>"; };
		9E377C822734474F00F806B2 /* SignUpViewController.swift */ = {isa = PBXFileReference; lastKnownFileType = sourcecode.swift; path = SignUpViewController.swift; sourceTree = "<group>"; };
		9E377C9327344B9F00F806B2 /* HomeViewController.swift */ = {isa = PBXFileReference; lastKnownFileType = sourcecode.swift; path = HomeViewController.swift; sourceTree = "<group>"; };
		9E617299278C41FB0010F6C0 /* Main.storyboard */ = {isa = PBXFileReference; fileEncoding = 4; lastKnownFileType = file.storyboard; path = Main.storyboard; sourceTree = "<group>"; };
		9E63BEDB27AD17380056D1BB /* PayMethod.xib */ = {isa = PBXFileReference; lastKnownFileType = file.xib; path = PayMethod.xib; sourceTree = "<group>"; };
		9E63BEDE27AD199C0056D1BB /* PayMethod.swift */ = {isa = PBXFileReference; lastKnownFileType = sourcecode.swift; path = PayMethod.swift; sourceTree = "<group>"; };
		9E852001278886C0000BA29F /* Artwork.swift */ = {isa = PBXFileReference; lastKnownFileType = sourcecode.swift; path = Artwork.swift; sourceTree = "<group>"; };
		9E8ED790278C63F800DACC00 /* TableViewCell2.swift */ = {isa = PBXFileReference; lastKnownFileType = sourcecode.swift; path = TableViewCell2.swift; sourceTree = "<group>"; };
		9E9391F42779FA0800EE3C9E /* TableViewCell.swift */ = {isa = PBXFileReference; fileEncoding = 4; lastKnownFileType = sourcecode.swift; path = TableViewCell.swift; sourceTree = "<group>"; };
		9E9391F52779FA0A00EE3C9E /* TableViewController.swift */ = {isa = PBXFileReference; fileEncoding = 4; lastKnownFileType = sourcecode.swift; path = TableViewController.swift; sourceTree = "<group>"; };
		9E9391F62779FA0B00EE3C9E /* TableViewDetail.swift */ = {isa = PBXFileReference; fileEncoding = 4; lastKnownFileType = sourcecode.swift; path = TableViewDetail.swift; sourceTree = "<group>"; };
		9E9391F72779FA0E00EE3C9E /* Shape.swift */ = {isa = PBXFileReference; fileEncoding = 4; lastKnownFileType = sourcecode.swift; path = Shape.swift; sourceTree = "<group>"; };
		9E939244277A0B8300EE3C9E /* artikel.swift */ = {isa = PBXFileReference; lastKnownFileType = sourcecode.swift; path = artikel.swift; sourceTree = "<group>"; };
		9E9C5D4C278C1B8D00C10C87 /* OpenOrdersViewController.swift */ = {isa = PBXFileReference; lastKnownFileType = sourcecode.swift; path = OpenOrdersViewController.swift; sourceTree = "<group>"; };
		9E9FF69E2777397A00BD3751 /* DayView.swift */ = {isa = PBXFileReference; lastKnownFileType = sourcecode.swift; path = DayView.swift; sourceTree = "<group>"; };
		9E9FF6AB27773A9D00BD3751 /* DayView.xib */ = {isa = PBXFileReference; lastKnownFileType = file.xib; path = DayView.xib; sourceTree = "<group>"; };
		9EA025A92779A40C00ACC918 /* SearchViewController.swift */ = {isa = PBXFileReference; lastKnownFileType = sourcecode.swift; path = SearchViewController.swift; sourceTree = "<group>"; };
		9EAB676F27AEA220001A5427 /* OrderViewController.swift */ = {isa = PBXFileReference; lastKnownFileType = sourcecode.swift; path = OrderViewController.swift; sourceTree = "<group>"; };
		9EAB677227AEA88E001A5427 /* TableViewDetailPayedOrder.swift */ = {isa = PBXFileReference; lastKnownFileType = sourcecode.swift; path = TableViewDetailPayedOrder.swift; sourceTree = "<group>"; };
		9EB2315227BF927900412FB3 /* TableViewCell3.swift */ = {isa = PBXFileReference; lastKnownFileType = sourcecode.swift; path = TableViewCell3.swift; sourceTree = "<group>"; };
		9EC6AACB27AC14020024B9F8 /* ClosedOrdersViewController.swift */ = {isa = PBXFileReference; lastKnownFileType = sourcecode.swift; path = ClosedOrdersViewController.swift; sourceTree = "<group>"; };
		9EC6AAE727AC2EDC0024B9F8 /* PayController.swift */ = {isa = PBXFileReference; lastKnownFileType = sourcecode.swift; path = PayController.swift; sourceTree = "<group>"; };
		9ECF37CC278EFC5B00A9B8AF /* TableViewDetailOrder.swift */ = {isa = PBXFileReference; lastKnownFileType = sourcecode.swift; path = TableViewDetailOrder.swift; sourceTree = "<group>"; };
		9ECF39A2273FF383003F1C8C /* Constants.swift */ = {isa = PBXFileReference; lastKnownFileType = sourcecode.swift; path = Constants.swift; sourceTree = "<group>"; };
		9ED6C2B627AD0CE4004C4014 /* TableViewDetailPay.swift */ = {isa = PBXFileReference; lastKnownFileType = sourcecode.swift; path = TableViewDetailPay.swift; sourceTree = "<group>"; };
		9EE90262273FC51F00736777 /* GoogleService-Info.plist */ = {isa = PBXFileReference; fileEncoding = 4; lastKnownFileType = text.plist.xml; path = "GoogleService-Info.plist"; sourceTree = "<group>"; };
		9EF2720D273FBADF000417AF /* Utilities.swift */ = {isa = PBXFileReference; fileEncoding = 4; lastKnownFileType = sourcecode.swift; path = Utilities.swift; sourceTree = "<group>"; };
		AF9560ADE246A2A223697C64 /* Pods-LOGIN_App-LOGIN_AppUITests.release.xcconfig */ = {isa = PBXFileReference; includeInIndex = 1; lastKnownFileType = text.xcconfig; name = "Pods-LOGIN_App-LOGIN_AppUITests.release.xcconfig"; path = "Target Support Files/Pods-LOGIN_App-LOGIN_AppUITests/Pods-LOGIN_App-LOGIN_AppUITests.release.xcconfig"; sourceTree = "<group>"; };
		CE23764524CBE113E98DF8D4 /* Pods-LOGIN_App.release.xcconfig */ = {isa = PBXFileReference; includeInIndex = 1; lastKnownFileType = text.xcconfig; name = "Pods-LOGIN_App.release.xcconfig"; path = "Target Support Files/Pods-LOGIN_App/Pods-LOGIN_App.release.xcconfig"; sourceTree = "<group>"; };
		D667D8A47CDB123C4A5177E9 /* Pods-LOGIN_App.debug.xcconfig */ = {isa = PBXFileReference; includeInIndex = 1; lastKnownFileType = text.xcconfig; name = "Pods-LOGIN_App.debug.xcconfig"; path = "Target Support Files/Pods-LOGIN_App/Pods-LOGIN_App.debug.xcconfig"; sourceTree = "<group>"; };
		FD409B119D65EA77F2866AD4 /* Pods-Login_App.release.xcconfig */ = {isa = PBXFileReference; includeInIndex = 1; lastKnownFileType = text.xcconfig; name = "Pods-Login_App.release.xcconfig"; path = "Target Support Files/Pods-Login_App/Pods-Login_App.release.xcconfig"; sourceTree = "<group>"; };
		FE85BA5200A4AE556F6EFE0A /* Pods-Login_App-Login_AppUITests.debug.xcconfig */ = {isa = PBXFileReference; includeInIndex = 1; lastKnownFileType = text.xcconfig; name = "Pods-Login_App-Login_AppUITests.debug.xcconfig"; path = "Target Support Files/Pods-Login_App-Login_AppUITests/Pods-Login_App-Login_AppUITests.debug.xcconfig"; sourceTree = "<group>"; };
/* End PBXFileReference section */

/* Begin PBXFrameworksBuildPhase section */
		9E377C442734242B00F806B2 /* Frameworks */ = {
			isa = PBXFrameworksBuildPhase;
			buildActionMask = 2147483647;
			files = (
				68DE05F7CF44854CEA1CEE2B /* Pods_LOGIN_App.framework in Frameworks */,
			);
			runOnlyForDeploymentPostprocessing = 0;
		};
/* End PBXFrameworksBuildPhase section */

/* Begin PBXGroup section */
		27F12DD6D5009FA070EEDF46 /* Frameworks */ = {
			isa = PBXGroup;
			children = (
				525B37E4B8F4D2A2CC155A6C /* Pods_LOGIN_App.framework */,
				4455CCEC294BC565EAEF8B74 /* Pods_LOGIN_App_LOGIN_AppUITests.framework */,
				2FB1E7DD6A2842F8D6B9610B /* Pods_LOGIN_AppTests.framework */,
			);
			name = Frameworks;
			sourceTree = "<group>";
		};
		3EC02482403AA2B05FA7E0C2 /* Pods */ = {
			isa = PBXGroup;
			children = (
				25D969B0DF7700DB92C89097 /* Pods-Login_App.debug.xcconfig */,
				FD409B119D65EA77F2866AD4 /* Pods-Login_App.release.xcconfig */,
				FE85BA5200A4AE556F6EFE0A /* Pods-Login_App-Login_AppUITests.debug.xcconfig */,
				9C9D28918FF5F7F280D20425 /* Pods-Login_App-Login_AppUITests.release.xcconfig */,
				D667D8A47CDB123C4A5177E9 /* Pods-LOGIN_App.debug.xcconfig */,
				CE23764524CBE113E98DF8D4 /* Pods-LOGIN_App.release.xcconfig */,
				01706EBE524E4526231D8177 /* Pods-LOGIN_App-LOGIN_AppUITests.debug.xcconfig */,
				AF9560ADE246A2A223697C64 /* Pods-LOGIN_App-LOGIN_AppUITests.release.xcconfig */,
			);
			path = Pods;
			sourceTree = "<group>";
		};
		9E2D1B522778B93000E1EAC2 /* Model */ = {
			isa = PBXGroup;
			children = (
				9E2D1B532778BDC700E1EAC2 /* article.swift */,
				9E939244277A0B8300EE3C9E /* artikel.swift */,
			);
			path = Model;
			sourceTree = "<group>";
		};
		9E377C3E2734242B00F806B2 = {
			isa = PBXGroup;
			children = (
				9E377C492734242B00F806B2 /* Login_App */,
				9E377C482734242B00F806B2 /* Products */,
				3EC02482403AA2B05FA7E0C2 /* Pods */,
				27F12DD6D5009FA070EEDF46 /* Frameworks */,
			);
			sourceTree = "<group>";
		};
		9E377C482734242B00F806B2 /* Products */ = {
			isa = PBXGroup;
			children = (
				9E377C472734242B00F806B2 /* LOGIN_App.app */,
			);
			name = Products;
			sourceTree = "<group>";
		};
		9E377C492734242B00F806B2 /* Login_App */ = {
			isa = PBXGroup;
			children = (
				9E2D1B522778B93000E1EAC2 /* Model */,
				9EF27212273FBAF7000417AF /* Helpers */,
				9E377C8C273447B300F806B2 /* View Controllers */,
				9E377C4A2734242B00F806B2 /* AppDelegate.swift */,
				9E617299278C41FB0010F6C0 /* Main.storyboard */,
				9E377C4C2734242B00F806B2 /* SceneDelegate.swift */,
				9E9391F72779FA0E00EE3C9E /* Shape.swift */,
				9E9391F42779FA0800EE3C9E /* TableViewCell.swift */,
				9E9391F52779FA0A00EE3C9E /* TableViewController.swift */,
				9E9391F62779FA0B00EE3C9E /* TableViewDetail.swift */,
				9ECF37CC278EFC5B00A9B8AF /* TableViewDetailOrder.swift */,
				9ED6C2B627AD0CE4004C4014 /* TableViewDetailPay.swift */,
				9EAB677227AEA88E001A5427 /* TableViewDetailPayedOrder.swift */,
				9E377C532734243500F806B2 /* Assets.xcassets */,
				9E377C552734243500F806B2 /* LaunchScreen.storyboard */,
				9EE90262273FC51F00736777 /* GoogleService-Info.plist */,
				9E377C582734243500F806B2 /* Info.plist */,
			);
			path = Login_App;
			sourceTree = "<group>";
		};
		9E377C8C273447B300F806B2 /* View Controllers */ = {
			isa = PBXGroup;
			children = (
				9E377C4E2734242B00F806B2 /* ViewController.swift */,
				9E377C7D2734470700F806B2 /* LoginViewController.swift */,
				9E377C822734474F00F806B2 /* SignUpViewController.swift */,
				9E377C9327344B9F00F806B2 /* HomeViewController.swift */,
				9EA025A92779A40C00ACC918 /* SearchViewController.swift */,
				9E09E1C4278872FD00462F6E /* MapViewController.swift */,
				9E9C5D4C278C1B8D00C10C87 /* OpenOrdersViewController.swift */,
				9EC6AACB27AC14020024B9F8 /* ClosedOrdersViewController.swift */,
				9EC6AAE727AC2EDC0024B9F8 /* PayController.swift */,
				9EAB676F27AEA220001A5427 /* OrderViewController.swift */,
				9E14721227BF9A0D0047ACBF /* OrderViewController2.swift */,
			);
			path = "View Controllers";
			sourceTree = "<group>";
		};
		9EF27212273FBAF7000417AF /* Helpers */ = {
			isa = PBXGroup;
			children = (
				9EF2720D273FBADF000417AF /* Utilities.swift */,
				9ECF39A2273FF383003F1C8C /* Constants.swift */,
				9E9FF69E2777397A00BD3751 /* DayView.swift */,
				9E9FF6AB27773A9D00BD3751 /* DayView.xib */,
				9E32874E278188E200F6811B /* EntdeckeUI.xib */,
				9E12A34A27818E690029AA93 /* EntdeckeUI.swift */,
				9E852001278886C0000BA29F /* Artwork.swift */,
				9E8ED790278C63F800DACC00 /* TableViewCell2.swift */,
				9E63BEDB27AD17380056D1BB /* PayMethod.xib */,
				9E63BEDE27AD199C0056D1BB /* PayMethod.swift */,
				9EB2315227BF927900412FB3 /* TableViewCell3.swift */,
			);
			path = Helpers;
			sourceTree = "<group>";
		};
/* End PBXGroup section */

/* Begin PBXNativeTarget section */
		9E377C462734242B00F806B2 /* LOGIN_App */ = {
			isa = PBXNativeTarget;
			buildConfigurationList = 9E377C712734243500F806B2 /* Build configuration list for PBXNativeTarget "LOGIN_App" */;
			buildPhases = (
				4B2F27002E47FE084BFEADA2 /* [CP] Check Pods Manifest.lock */,
				9E377C432734242B00F806B2 /* Sources */,
				9E377C442734242B00F806B2 /* Frameworks */,
				9E377C452734242B00F806B2 /* Resources */,
				EDDE6AB672189ED3487BD21C /* [CP] Embed Pods Frameworks */,
			);
			buildRules = (
			);
			dependencies = (
			);
			name = LOGIN_App;
			productName = Login_App;
			productReference = 9E377C472734242B00F806B2 /* LOGIN_App.app */;
			productType = "com.apple.product-type.application";
		};
/* End PBXNativeTarget section */

/* Begin PBXProject section */
		9E377C3F2734242B00F806B2 /* Project object */ = {
			isa = PBXProject;
			attributes = {
				LastSwiftUpdateCheck = 1240;
				LastUpgradeCheck = 1240;
				TargetAttributes = {
					9E377C462734242B00F806B2 = {
						CreatedOnToolsVersion = 12.4;
					};
				};
			};
			buildConfigurationList = 9E377C422734242B00F806B2 /* Build configuration list for PBXProject "LOGIN_App" */;
			compatibilityVersion = "Xcode 9.3";
			developmentRegion = en;
			hasScannedForEncodings = 0;
			knownRegions = (
				en,
				Base,
			);
			mainGroup = 9E377C3E2734242B00F806B2;
			productRefGroup = 9E377C482734242B00F806B2 /* Products */;
			projectDirPath = "";
			projectRoot = "";
			targets = (
				9E377C462734242B00F806B2 /* LOGIN_App */,
			);
		};
/* End PBXProject section */

/* Begin PBXResourcesBuildPhase section */
		9E377C452734242B00F806B2 /* Resources */ = {
			isa = PBXResourcesBuildPhase;
			buildActionMask = 2147483647;
			files = (
				9E377C572734243500F806B2 /* LaunchScreen.storyboard in Resources */,
				9E63BEDC27AD17380056D1BB /* PayMethod.xib in Resources */,
				9EE90263273FC51F00736777 /* GoogleService-Info.plist in Resources */,
				9E32874F278188E200F6811B /* EntdeckeUI.xib in Resources */,
				9E61729A278C41FB0010F6C0 /* Main.storyboard in Resources */,
				9E9FF6AC27773A9D00BD3751 /* DayView.xib in Resources */,
				9E377C542734243500F806B2 /* Assets.xcassets in Resources */,
			);
			runOnlyForDeploymentPostprocessing = 0;
		};
/* End PBXResourcesBuildPhase section */

/* Begin PBXShellScriptBuildPhase section */
		4B2F27002E47FE084BFEADA2 /* [CP] Check Pods Manifest.lock */ = {
			isa = PBXShellScriptBuildPhase;
			buildActionMask = 2147483647;
			files = (
			);
			inputFileListPaths = (
			);
			inputPaths = (
				"${PODS_PODFILE_DIR_PATH}/Podfile.lock",
				"${PODS_ROOT}/Manifest.lock",
			);
			name = "[CP] Check Pods Manifest.lock";
			outputFileListPaths = (
			);
			outputPaths = (
				"$(DERIVED_FILE_DIR)/Pods-LOGIN_App-checkManifestLockResult.txt",
			);
			runOnlyForDeploymentPostprocessing = 0;
			shellPath = /bin/sh;
			shellScript = "diff \"${PODS_PODFILE_DIR_PATH}/Podfile.lock\" \"${PODS_ROOT}/Manifest.lock\" > /dev/null\nif [ $? != 0 ] ; then\n    # print error to STDERR\n    echo \"error: The sandbox is not in sync with the Podfile.lock. Run 'pod install' or update your CocoaPods installation.\" >&2\n    exit 1\nfi\n# This output is used by Xcode 'outputs' to avoid re-running this script phase.\necho \"SUCCESS\" > \"${SCRIPT_OUTPUT_FILE_0}\"\n";
			showEnvVarsInLog = 0;
		};
		EDDE6AB672189ED3487BD21C /* [CP] Embed Pods Frameworks */ = {
			isa = PBXShellScriptBuildPhase;
			buildActionMask = 2147483647;
			files = (
			);
			inputFileListPaths = (
				"${PODS_ROOT}/Target Support Files/Pods-LOGIN_App/Pods-LOGIN_App-frameworks-${CONFIGURATION}-input-files.xcfilelist",
			);
			name = "[CP] Embed Pods Frameworks";
			outputFileListPaths = (
				"${PODS_ROOT}/Target Support Files/Pods-LOGIN_App/Pods-LOGIN_App-frameworks-${CONFIGURATION}-output-files.xcfilelist",
			);
			runOnlyForDeploymentPostprocessing = 0;
			shellPath = /bin/sh;
			shellScript = "\"${PODS_ROOT}/Target Support Files/Pods-LOGIN_App/Pods-LOGIN_App-frameworks.sh\"\n";
			showEnvVarsInLog = 0;
		};
/* End PBXShellScriptBuildPhase section */

/* Begin PBXSourcesBuildPhase section */
		9E377C432734242B00F806B2 /* Sources */ = {
			isa = PBXSourcesBuildPhase;
			buildActionMask = 2147483647;
			files = (
				9E9391FA2779FA0E00EE3C9E /* TableViewCell.swift in Sources */,
				9E9391FB2779FA0E00EE3C9E /* TableViewController.swift in Sources */,
				9E377C7E2734470700F806B2 /* LoginViewController.swift in Sources */,
				9EA025AA2779A40C00ACC918 /* SearchViewController.swift in Sources */,
				9E12A34B27818E690029AA93 /* EntdeckeUI.swift in Sources */,
				9E9391FC2779FA0E00EE3C9E /* TableViewDetail.swift in Sources */,
				9E377C4F2734242B00F806B2 /* ViewController.swift in Sources */,
				9EF2720E273FBADF000417AF /* Utilities.swift in Sources */,
				9E9391FD2779FA0E00EE3C9E /* Shape.swift in Sources */,
				9E8ED791278C63F800DACC00 /* TableViewCell2.swift in Sources */,
				9E377C4B2734242B00F806B2 /* AppDelegate.swift in Sources */,
				9E939245277A0B8300EE3C9E /* artikel.swift in Sources */,
				9E14721327BF9A0D0047ACBF /* OrderViewController2.swift in Sources */,
				9E852002278886C0000BA29F /* Artwork.swift in Sources */,
				9ECF37CD278EFC5B00A9B8AF /* TableViewDetailOrder.swift in Sources */,
				9E9FF69F2777397A00BD3751 /* DayView.swift in Sources */,
				9E377C4D2734242B00F806B2 /* SceneDelegate.swift in Sources */,
				9E09E1C5278872FD00462F6E /* MapViewController.swift in Sources */,
				9ED6C2B727AD0CE4004C4014 /* TableViewDetailPay.swift in Sources */,
				9E9C5D4D278C1B8D00C10C87 /* OpenOrdersViewController.swift in Sources */,
				9E63BEDF27AD199C0056D1BB /* PayMethod.swift in Sources */,
				9E2D1B542778BDC700E1EAC2 /* article.swift in Sources */,
				9E377C832734474F00F806B2 /* SignUpViewController.swift in Sources */,
				9EC6AAE827AC2EDC0024B9F8 /* PayController.swift in Sources */,
				9EAB677327AEA88E001A5427 /* TableViewDetailPayedOrder.swift in Sources */,
				9EB2315327BF927900412FB3 /* TableViewCell3.swift in Sources */,
				9EC6AACC27AC14020024B9F8 /* ClosedOrdersViewController.swift in Sources */,
				9E377C9427344B9F00F806B2 /* HomeViewController.swift in Sources */,
				9ECF39A3273FF383003F1C8C /* Constants.swift in Sources */,
				9EAB677027AEA220001A5427 /* OrderViewController.swift in Sources */,
			);
			runOnlyForDeploymentPostprocessing = 0;
		};
/* End PBXSourcesBuildPhase section */

/* Begin PBXVariantGroup section */
		9E377C552734243500F806B2 /* LaunchScreen.storyboard */ = {
			isa = PBXVariantGroup;
			children = (
				9E377C562734243500F806B2 /* Base */,
			);
			name = LaunchScreen.storyboard;
			sourceTree = "<group>";
		};
/* End PBXVariantGroup section */

/* Begin XCBuildConfiguration section */
		9E377C6F2734243500F806B2 /* Debug */ = {
			isa = XCBuildConfiguration;
			buildSettings = {
				ALWAYS_SEARCH_USER_PATHS = NO;
				CLANG_ANALYZER_NONNULL = YES;
				CLANG_ANALYZER_NUMBER_OBJECT_CONVERSION = YES_AGGRESSIVE;
				CLANG_CXX_LANGUAGE_STANDARD = "gnu++14";
				CLANG_CXX_LIBRARY = "libc++";
				CLANG_ENABLE_MODULES = YES;
				CLANG_ENABLE_OBJC_ARC = YES;
				CLANG_ENABLE_OBJC_WEAK = YES;
				CLANG_WARN_BLOCK_CAPTURE_AUTORELEASING = YES;
				CLANG_WARN_BOOL_CONVERSION = YES;
				CLANG_WARN_COMMA = YES;
				CLANG_WARN_CONSTANT_CONVERSION = YES;
				CLANG_WARN_DEPRECATED_OBJC_IMPLEMENTATIONS = YES;
				CLANG_WARN_DIRECT_OBJC_ISA_USAGE = YES_ERROR;
				CLANG_WARN_DOCUMENTATION_COMMENTS = YES;
				CLANG_WARN_EMPTY_BODY = YES;
				CLANG_WARN_ENUM_CONVERSION = YES;
				CLANG_WARN_INFINITE_RECURSION = YES;
				CLANG_WARN_INT_CONVERSION = YES;
				CLANG_WARN_NON_LITERAL_NULL_CONVERSION = YES;
				CLANG_WARN_OBJC_IMPLICIT_RETAIN_SELF = YES;
				CLANG_WARN_OBJC_LITERAL_CONVERSION = YES;
				CLANG_WARN_OBJC_ROOT_CLASS = YES_ERROR;
				CLANG_WARN_QUOTED_INCLUDE_IN_FRAMEWORK_HEADER = YES;
				CLANG_WARN_RANGE_LOOP_ANALYSIS = YES;
				CLANG_WARN_STRICT_PROTOTYPES = YES;
				CLANG_WARN_SUSPICIOUS_MOVE = YES;
				CLANG_WARN_UNGUARDED_AVAILABILITY = YES_AGGRESSIVE;
				CLANG_WARN_UNREACHABLE_CODE = YES;
				CLANG_WARN__DUPLICATE_METHOD_MATCH = YES;
				COPY_PHASE_STRIP = NO;
				DEBUG_INFORMATION_FORMAT = dwarf;
				ENABLE_STRICT_OBJC_MSGSEND = YES;
				ENABLE_TESTABILITY = YES;
				GCC_C_LANGUAGE_STANDARD = gnu11;
				GCC_DYNAMIC_NO_PIC = NO;
				GCC_NO_COMMON_BLOCKS = YES;
				GCC_OPTIMIZATION_LEVEL = 0;
				GCC_PREPROCESSOR_DEFINITIONS = (
					"DEBUG=1",
					"$(inherited)",
				);
				GCC_WARN_64_TO_32_BIT_CONVERSION = YES;
				GCC_WARN_ABOUT_RETURN_TYPE = YES_ERROR;
				GCC_WARN_UNDECLARED_SELECTOR = YES;
				GCC_WARN_UNINITIALIZED_AUTOS = YES_AGGRESSIVE;
				GCC_WARN_UNUSED_FUNCTION = YES;
				GCC_WARN_UNUSED_VARIABLE = YES;
				IPHONEOS_DEPLOYMENT_TARGET = 14.4;
				MTL_ENABLE_DEBUG_INFO = INCLUDE_SOURCE;
				MTL_FAST_MATH = YES;
				ONLY_ACTIVE_ARCH = YES;
				SDKROOT = iphoneos;
				SWIFT_ACTIVE_COMPILATION_CONDITIONS = DEBUG;
				SWIFT_OPTIMIZATION_LEVEL = "-Onone";
			};
			name = Debug;
		};
		9E377C702734243500F806B2 /* Release */ = {
			isa = XCBuildConfiguration;
			buildSettings = {
				ALWAYS_SEARCH_USER_PATHS = NO;
				CLANG_ANALYZER_NONNULL = YES;
				CLANG_ANALYZER_NUMBER_OBJECT_CONVERSION = YES_AGGRESSIVE;
				CLANG_CXX_LANGUAGE_STANDARD = "gnu++14";
				CLANG_CXX_LIBRARY = "libc++";
				CLANG_ENABLE_MODULES = YES;
				CLANG_ENABLE_OBJC_ARC = YES;
				CLANG_ENABLE_OBJC_WEAK = YES;
				CLANG_WARN_BLOCK_CAPTURE_AUTORELEASING = YES;
				CLANG_WARN_BOOL_CONVERSION = YES;
				CLANG_WARN_COMMA = YES;
				CLANG_WARN_CONSTANT_CONVERSION = YES;
				CLANG_WARN_DEPRECATED_OBJC_IMPLEMENTATIONS = YES;
				CLANG_WARN_DIRECT_OBJC_ISA_USAGE = YES_ERROR;
				CLANG_WARN_DOCUMENTATION_COMMENTS = YES;
				CLANG_WARN_EMPTY_BODY = YES;
				CLANG_WARN_ENUM_CONVERSION = YES;
				CLANG_WARN_INFINITE_RECURSION = YES;
				CLANG_WARN_INT_CONVERSION = YES;
				CLANG_WARN_NON_LITERAL_NULL_CONVERSION = YES;
				CLANG_WARN_OBJC_IMPLICIT_RETAIN_SELF = YES;
				CLANG_WARN_OBJC_LITERAL_CONVERSION = YES;
				CLANG_WARN_OBJC_ROOT_CLASS = YES_ERROR;
				CLANG_WARN_QUOTED_INCLUDE_IN_FRAMEWORK_HEADER = YES;
				CLANG_WARN_RANGE_LOOP_ANALYSIS = YES;
				CLANG_WARN_STRICT_PROTOTYPES = YES;
				CLANG_WARN_SUSPICIOUS_MOVE = YES;
				CLANG_WARN_UNGUARDED_AVAILABILITY = YES_AGGRESSIVE;
				CLANG_WARN_UNREACHABLE_CODE = YES;
				CLANG_WARN__DUPLICATE_METHOD_MATCH = YES;
				COPY_PHASE_STRIP = NO;
				DEBUG_INFORMATION_FORMAT = "dwarf-with-dsym";
				ENABLE_NS_ASSERTIONS = NO;
				ENABLE_STRICT_OBJC_MSGSEND = YES;
				GCC_C_LANGUAGE_STANDARD = gnu11;
				GCC_NO_COMMON_BLOCKS = YES;
				GCC_WARN_64_TO_32_BIT_CONVERSION = YES;
				GCC_WARN_ABOUT_RETURN_TYPE = YES_ERROR;
				GCC_WARN_UNDECLARED_SELECTOR = YES;
				GCC_WARN_UNINITIALIZED_AUTOS = YES_AGGRESSIVE;
				GCC_WARN_UNUSED_FUNCTION = YES;
				GCC_WARN_UNUSED_VARIABLE = YES;
				IPHONEOS_DEPLOYMENT_TARGET = 14.4;
				MTL_ENABLE_DEBUG_INFO = NO;
				MTL_FAST_MATH = YES;
				SDKROOT = iphoneos;
				SWIFT_COMPILATION_MODE = wholemodule;
				SWIFT_OPTIMIZATION_LEVEL = "-O";
				VALIDATE_PRODUCT = YES;
			};
			name = Release;
		};
		9E377C722734243500F806B2 /* Debug */ = {
			isa = XCBuildConfiguration;
			baseConfigurationReference = D667D8A47CDB123C4A5177E9 /* Pods-LOGIN_App.debug.xcconfig */;
			buildSettings = {
				ASSETCATALOG_COMPILER_APPICON_NAME = AppIcon;
				ASSETCATALOG_COMPILER_GLOBAL_ACCENT_COLOR_NAME = AccentColor;
				CODE_SIGN_STYLE = Automatic;
				DEVELOPMENT_TEAM = Z38BMBRK2B;
				INFOPLIST_FILE = Login_App/Info.plist;
				LD_RUNPATH_SEARCH_PATHS = (
					"$(inherited)",
					"@executable_path/Frameworks",
				);
				PRODUCT_BUNDLE_IDENTIFIER = "sz-ybbs.Login-App";
				PRODUCT_NAME = "$(TARGET_NAME)";
				SWIFT_VERSION = 5.0;
				TARGETED_DEVICE_FAMILY = "1,2";
			};
			name = Debug;
		};
		9E377C732734243500F806B2 /* Release */ = {
			isa = XCBuildConfiguration;
			baseConfigurationReference = CE23764524CBE113E98DF8D4 /* Pods-LOGIN_App.release.xcconfig */;
			buildSettings = {
				ASSETCATALOG_COMPILER_APPICON_NAME = AppIcon;
				ASSETCATALOG_COMPILER_GLOBAL_ACCENT_COLOR_NAME = AccentColor;
				CODE_SIGN_STYLE = Automatic;
				DEVELOPMENT_TEAM = Z38BMBRK2B;
				INFOPLIST_FILE = Login_App/Info.plist;
				LD_RUNPATH_SEARCH_PATHS = (
					"$(inherited)",
					"@executable_path/Frameworks",
				);
				PRODUCT_BUNDLE_IDENTIFIER = "sz-ybbs.Login-App";
				PRODUCT_NAME = "$(TARGET_NAME)";
				SWIFT_VERSION = 5.0;
				TARGETED_DEVICE_FAMILY = "1,2";
			};
			name = Release;
		};
/* End XCBuildConfiguration section */

/* Begin XCConfigurationList section */
		9E377C422734242B00F806B2 /* Build configuration list for PBXProject "LOGIN_App" */ = {
			isa = XCConfigurationList;
			buildConfigurations = (
				9E377C6F2734243500F806B2 /* Debug */,
				9E377C702734243500F806B2 /* Release */,
			);
			defaultConfigurationIsVisible = 0;
			defaultConfigurationName = Release;
		};
		9E377C712734243500F806B2 /* Build configuration list for PBXNativeTarget "LOGIN_App" */ = {
			isa = XCConfigurationList;
			buildConfigurations = (
				9E377C722734243500F806B2 /* Debug */,
				9E377C732734243500F806B2 /* Release */,
			);
			defaultConfigurationIsVisible = 0;
			defaultConfigurationName = Release;
		};
/* End XCConfigurationList section */
	};
	rootObject = 9E377C3F2734242B00F806B2 /* Project object */;
}
